{
    "_meta": {
        "hash": {
            "sha256": "795370101db25bb68e2a3bc1268db6dcaf151d279bed96156428886b1c2c2767"
        },
        "pipfile-spec": 6,
        "requires": {
            "python_version": "3.10"
        },
        "sources": [
            {
                "name": "pypi",
                "url": "https://pypi.org/simple",
                "verify_ssl": true
            }
        ]
    },
    "default": {
        "certifi": {
            "hashes": [
                "sha256:0d9c601124e5a6ba9712dbc60d9c53c21e34f5f641fe83002317394311bdce14",
                "sha256:90c1a32f1d68f940488354e36370f6cca89f0f106db09518524c88d6ed83f382"
            ],
            "markers": "python_version >= '3.6'",
            "version": "==2022.9.24"
        },
        "jplephem": {
            "hashes": [
                "sha256:492911e8a4c47830791b03b9a0ffdf7fc65f685d1cbb3a1790b1ea288ae7fae5",
                "sha256:ecfbf13779650288b958bb1f3848d6445163b0e879ca96759c941841f55abf1c"
            ],
            "version": "==2.18"
        },
        "numpy": {
            "hashes": [
                "sha256:0fe563fc8ed9dc4474cbf70742673fc4391d70f4363f917599a7fa99f042d5a8",
                "sha256:12ac457b63ec8ded85d85c1e17d85efd3c2b0967ca39560b307a35a6703a4735",
                "sha256:2341f4ab6dba0834b685cce16dad5f9b6606ea8a00e6da154f5dbded70fdc4dd",
                "sha256:296d17aed51161dbad3c67ed6d164e51fcd18dbcd5dd4f9d0a9c6055dce30810",
                "sha256:488a66cb667359534bc70028d653ba1cf307bae88eab5929cd707c761ff037db",
                "sha256:4d52914c88b4930dafb6c48ba5115a96cbab40f45740239d9f4159c4ba779962",
                "sha256:5e13030f8793e9ee42f9c7d5777465a560eb78fa7e11b1c053427f2ccab90c79",
                "sha256:61be02e3bf810b60ab74e81d6d0d36246dbfb644a462458bb53b595791251911",
                "sha256:7607b598217745cc40f751da38ffd03512d33ec06f3523fb0b5f82e09f6f676d",
                "sha256:7a70a7d3ce4c0e9284e92285cba91a4a3f5214d87ee0e95928f3614a256a1488",
                "sha256:7ab46e4e7ec63c8a5e6dbf5c1b9e1c92ba23a7ebecc86c336cb7bf3bd2fb10e5",
                "sha256:8981d9b5619569899666170c7c9748920f4a5005bf79c72c07d08c8a035757b0",
                "sha256:8c053d7557a8f022ec823196d242464b6955a7e7e5015b719e76003f63f82d0f",
                "sha256:926db372bc4ac1edf81cfb6c59e2a881606b409ddc0d0920b988174b2e2a767f",
                "sha256:95d79ada05005f6f4f337d3bb9de8a7774f259341c70bc88047a1f7b96a4bcb2",
                "sha256:95de7dc7dc47a312f6feddd3da2500826defdccbc41608d0031276a24181a2c0",
                "sha256:a0882323e0ca4245eb0a3d0a74f88ce581cc33aedcfa396e415e5bba7bf05f68",
                "sha256:a8365b942f9c1a7d0f0dc974747d99dd0a0cdfc5949a33119caf05cb314682d3",
                "sha256:a8aae2fb3180940011b4862b2dd3756616841c53db9734b27bb93813cd79fce6",
                "sha256:c237129f0e732885c9a6076a537e974160482eab8f10db6292e92154d4c67d71",
                "sha256:c67b833dbccefe97cdd3f52798d430b9d3430396af7cdb2a0c32954c3ef73894",
                "sha256:ce03305dd694c4873b9429274fd41fc7eb4e0e4dea07e0af97a933b079a5814f",
                "sha256:d331afac87c92373826af83d2b2b435f57b17a5c74e6268b79355b970626e329",
                "sha256:dada341ebb79619fe00a291185bba370c9803b1e1d7051610e01ed809ef3a4ba",
                "sha256:ed2cc92af0efad20198638c69bb0fc2870a58dabfba6eb722c933b48556c686c",
                "sha256:f260da502d7441a45695199b4e7fd8ca87db659ba1c78f2bbf31f934fe76ae0e",
                "sha256:f2f390aa4da44454db40a1f0201401f9036e8d578a25f01a6e237cea238337ef",
                "sha256:f76025acc8e2114bb664294a07ede0727aa75d63a06d2fae96bf29a81747e4a7"
            ],
            "markers": "python_version >= '3.8'",
            "version": "==1.23.4"
        },
        "pymemcache": {
            "hashes": [
                "sha256:27bf9bd1bbc1e20f83633208620d56de50f14185055e49504f4f5e94e94aff94",
                "sha256:f507bc20e0dc8d562f8df9d872107a278df049fa496805c1431b926f3ddd0eab"
            ],
            "index": "pypi",
            "version": "==4.0.0"
        },
        "pytz": {
            "hashes": [
                "sha256:335ab46900b1465e714b4fda4963d87363264eb662aab5e65da039c25f1f5b22",
                "sha256:c4d88f472f54d615e9cd582a5004d1e5f624854a6a27a6211591c251f22a6914"
            ],
            "index": "pypi",
            "version": "==2022.5"
        },
        "sgp4": {
            "hashes": [
                "sha256:0313db05662c74dad2e6148fca430b1672a01ea2e4d1b1b92439e4139d8577bc",
                "sha256:0bbf00533e6afe0dc9569d71f7352a10e561ca39fa279f06f8d6029e96de2ed4",
                "sha256:0dbb484bcea946ef38cc0fe181a4e1ece832be6dde9fa5bf002e6fe8e3a168ef",
                "sha256:1742dfb1395532af0f9aa9316bd53e416d2cd5f20545414fa7f08c8e14edc4e2",
                "sha256:260a86c5b05ee5f8176cafe5e11bc35c1f66a245aef46da1322091e48cd4f21b",
                "sha256:2a128b93b62c4362db114dbc71c0fd5ab068917bd118f94fb4b8a2ae9d55d31d",
                "sha256:2d683e24b9f12c3e6431fd35b0cbbd37148f5deddfcfb737b85bf9720d7a42f9",
                "sha256:339778069fb9aab5fbc5501270dafd9d3feb41fbfd8cab38f8e15d42ec716287",
                "sha256:36a6aa7143671380ca962c371d09b67ad1570b14612661a90064669ed4347cef",
                "sha256:3b8efbe6b748b4628dedf082fdd08a216469bc58acc114e2f25a2debe6437194",
                "sha256:3e02194a5f0170dab4ae628f2ba9fdf7e2439c0b39241835bf8a2987b59144f9",
                "sha256:42d2616fc586cfa5677045f2f07a62bb21e9cafa7cb8089ac8b2367c6a561695",
                "sha256:495a839bf7f3c8cb5a4de9685695d194b57c20ed13c0adbd7a0900a8ef8d4c19",
                "sha256:6179b875044877e941633c20af7722fd231a88d8a89af01bf30bd64f33cdecef",
                "sha256:61b85bfdc4fd6636edf13c43af1b3e7811cf4f2759fdaeba5a9c6e9711d98908",
                "sha256:6ce02516e5d202faa9b7bea6436a9dc0d72158c4d94a69d5bb927715b691f822",
                "sha256:70ccb6d43d5c5c9cec594f8907ca89f1c4db761f930c15229c3790ee5d535365",
                "sha256:7971de1c4b6f00c5f32923b274452b78d2bcb894396d4ac3baa215847c63cb9a",
                "sha256:8d1bb424ee8fd8c9309d6aa0de76eb66897f9ea9d3b91d9dad2a45395ee2da41",
                "sha256:9095cad9b143aa42ec8cfcb2d2cc96ea04e5d38fd4862096dd7b771445f71492",
                "sha256:91763c45ea6f63c525f49c513d941b5ea16cb0832b84bbf265c5a82e7ad5d552",
                "sha256:927bfeda7bc692d7569e4a54f1747527e2d1243a1a64b659a10a438e151622cc",
                "sha256:950257149dbac38e22e31a9b1af0dc8306b63a5fa404e5057f5368def8086120",
                "sha256:959c05c30c79623df3077515e3cef0938ae97d062439425bf54369aa8a4472a8",
                "sha256:99738b05c2e5f0cd5b699f516cd3b3094d115b1e0cd5a80bda12612d9a7831dc",
                "sha256:9ed696d2c8da8216a60aac0ad9e892cb38472a54bc50eac491b01fe7701e1447",
                "sha256:a30084df6f8c5cfc5398fa5a6d9b259c944b2993f7f5ca08de4a40915cda7e7b",
                "sha256:a32608a78ebe33ec18f03236f5d316387ba0c8bd8e9ef5ef12b9abce05d589af",
                "sha256:aaccd598db4127449c1da92ee9a2da41305e186c47f0bbfd8b791ec4899ca5a1",
                "sha256:b703d08ed4cee676189f44cd2e60e987c9334513b72b782250ae06ab4dcc5b87",
                "sha256:b7e70a0f6f702a6d021a8c90995224f5248957ad8685cadff48a085351a445c3",
                "sha256:bd552b2c8126aa2d24c648d2f3dc3d1f95263bc68a43befa220e9aa2820810f0",
                "sha256:c4957c1302dd646656dc6dbca6b55871b7be2044773c591ade3e0ecfa7a56f1e",
                "sha256:d09e256b83cf4624739b934f758baa8ee3aa77613b77dac447f3f10b69b14222",
                "sha256:d0be8c2cf790304c622bf5584fed85c355804c87b95103ce88dcb2ad7dacc465",
                "sha256:dd3ad79125d71346cdb558b5e07b14b323013c31122f05fc6fcc87fe6c163b19",
                "sha256:dde34366ce1b1c895962706ca61b09a02b9f9950afd3cbbb2bf7bc2dd5babcf8",
                "sha256:e14de495d5e2b466a84534e987b9e73c57cf7b2096446a0a4c587e59abe3a5b3",
                "sha256:e1f6128d6df008905cabed04100e346ce56134054d4bcad73a1bf99d81e0e22e",
                "sha256:e2f742454d979a06d2d83ecb1eec69726ddc427e2d9f12ecefc94a90c2e1d8fc",
                "sha256:e6002807220535ed39d144b192e342842553c60d7558a7fd3ec5092bbadd66e5",
                "sha256:efe49faa3e57540ff6e74dabe2ab4ebbe709c00e5464df077f9ccdd2e8b303af",
                "sha256:eff0e165547ef72ca47172b24f862ea8ba0969cbdcaf9e90f19d201188d0e1bd",
                "sha256:f1997347d39b49c9fbef0bb0c4fe6d41da658ec03b1f2186585dfd12b732d1de",
                "sha256:f90ad26f34b06082538f61b64c8b89d69db28d750bf996ae67fd6b72c5e37f11",
                "sha256:fca1848ca6a2ea2b23e781fb89483b84b1b50949f246cf8af61edc052ac837b9",
                "sha256:fea155d361540a764eca917f9fc55904862531e36f979d50daeb3f5ae176c43f"
            ],
            "version": "==2.21"
        },
        "skyfield": {
            "hashes": [
                "sha256:5f0e0530bda6c9bf23a188c574181b4ee63cf2ce1ec1e0c8825f45ae577d8b36",
                "sha256:fbfba0c9d5f764630b227d5a70e3f8f934ce9f7c04d6c47f021e3c33e810cd7a"
            ],
            "index": "pypi",
            "version": "==1.45"
        }
    },
    "develop": {
        "asttokens": {
            "hashes": [
                "sha256:c61e16246ecfb2cde2958406b4c8ebc043c9e6d73aaa83c941673b35e5d3a76b",
                "sha256:e3305297c744ae53ffa032c45dc347286165e4ffce6875dc662b205db0623d86"
            ],
            "version": "==2.0.8"
        },
        "devtools": {
            "extras": [
                "pygments"
            ],
            "hashes": [
                "sha256:689cf4e7c75024237c42093ba19f4fa9cf15980269f02463aeab4d97d4b0a215",
                "sha256:86ede6e0273e023db766344d14098228785b48a80f31716f28e8b9453d52fa1e"
            ],
            "index": "pypi",
            "version": "==0.9.0"
        },
        "executing": {
            "hashes": [
                "sha256:9c745f80cda11eb22b62cbecf21156491a794eb56ab06f9d286a44e62822b24e",
                "sha256:d1cd87c2e371e9966261410c5b3769d6df2f9e4a79a83eebd2662dd3388f9833"
            ],
            "version": "==0.10.0"
        },
        "pygments": {
            "hashes": [
                "sha256:56a8508ae95f98e2b9bdf93a6be5ae3f7d8af858b43e02c5a2ff083726be40c1",
                "sha256:f643f331ab57ba3c9d89212ee4a2dabc6e94f117cf4eefde99a0574720d14c42"
            ],
            "version": "==2.13.0"
        },
        "six": {
            "hashes": [
                "sha256:1e61c37477a1626458e36f7b1d82aa5c9b094fa4802892072e49de9c60c4c926",
                "sha256:8abb2f1d86890a2dfb989f9a77cfcfd3e47c2a354b01111771326f8aa26e0254"
            ],
            "markers": "python_version >= '2.7' and python_version not in '3.0, 3.1, 3.2, 3.3'",
            "version": "==1.16.0"
        }
    }
}
